// !$*UTF8*$!
{
	archiveVersion = 1;
	classes = {
	};
	objectVersion = 46;
	objects = {

/* Begin PBXBuildFile section */
		792801E819C8B36B0075261D /* main.m in Sources */ = {isa = PBXBuildFile; fileRef = 792801E719C8B36B0075261D /* main.m */; };
		792801EB19C8B36B0075261D /* AppDelegate.m in Sources */ = {isa = PBXBuildFile; fileRef = 792801EA19C8B36B0075261D /* AppDelegate.m */; };
		792801EE19C8B36B0075261D /* Handshake.xcdatamodeld in Sources */ = {isa = PBXBuildFile; fileRef = 792801EC19C8B36B0075261D /* Handshake.xcdatamodeld */; };
		792801F119C8B36B0075261D /* ViewController.m in Sources */ = {isa = PBXBuildFile; fileRef = 792801F019C8B36B0075261D /* ViewController.m */; };
		792801F419C8B36B0075261D /* Main.storyboard in Resources */ = {isa = PBXBuildFile; fileRef = 792801F219C8B36B0075261D /* Main.storyboard */; };
		792801F619C8B36B0075261D /* Images.xcassets in Resources */ = {isa = PBXBuildFile; fileRef = 792801F519C8B36B0075261D /* Images.xcassets */; };
		7928020219C8B36B0075261D /* HandshakeTests.m in Sources */ = {isa = PBXBuildFile; fileRef = 7928020119C8B36B0075261D /* HandshakeTests.m */; };
/* End PBXBuildFile section */

/* Begin PBXContainerItemProxy section */
		792801FC19C8B36B0075261D /* PBXContainerItemProxy */ = {
			isa = PBXContainerItemProxy;
			containerPortal = 792801DA19C8B36B0075261D /* Project object */;
			proxyType = 1;
			remoteGlobalIDString = 792801E119C8B36B0075261D;
			remoteInfo = Handshake;
		};
/* End PBXContainerItemProxy section */

/* Begin PBXFileReference section */
		792801E219C8B36B0075261D /* Handshake.app */ = {isa = PBXFileReference; explicitFileType = wrapper.application; includeInIndex = 0; path = Handshake.app; sourceTree = BUILT_PRODUCTS_DIR; };
		792801E619C8B36B0075261D /* Info.plist */ = {isa = PBXFileReference; lastKnownFileType = text.plist.xml; path = Info.plist; sourceTree = "<group>"; };
		792801E719C8B36B0075261D /* main.m */ = {isa = PBXFileReference; lastKnownFileType = sourcecode.c.objc; path = main.m; sourceTree = "<group>"; };
		792801E919C8B36B0075261D /* AppDelegate.h */ = {isa = PBXFileReference; lastKnownFileType = sourcecode.c.h; path = AppDelegate.h; sourceTree = "<group>"; };
		792801EA19C8B36B0075261D /* AppDelegate.m */ = {isa = PBXFileReference; lastKnownFileType = sourcecode.c.objc; path = AppDelegate.m; sourceTree = "<group>"; };
		792801ED19C8B36B0075261D /* Handshake.xcdatamodel */ = {isa = PBXFileReference; lastKnownFileType = wrapper.xcdatamodel; path = Handshake.xcdatamodel; sourceTree = "<group>"; };
		792801EF19C8B36B0075261D /* ViewController.h */ = {isa = PBXFileReference; lastKnownFileType = sourcecode.c.h; path = ViewController.h; sourceTree = "<group>"; };
		792801F019C8B36B0075261D /* ViewController.m */ = {isa = PBXFileReference; lastKnownFileType = sourcecode.c.objc; path = ViewController.m; sourceTree = "<group>"; };
		792801F319C8B36B0075261D /* Base */ = {isa = PBXFileReference; lastKnownFileType = file.storyboard; name = Base; path = Base.lproj/Main.storyboard; sourceTree = "<group>"; };
		792801F519C8B36B0075261D /* Images.xcassets */ = {isa = PBXFileReference; lastKnownFileType = folder.assetcatalog; path = Images.xcassets; sourceTree = "<group>"; };
		792801FB19C8B36B0075261D /* HandshakeTests.xctest */ = {isa = PBXFileReference; explicitFileType = wrapper.cfbundle; includeInIndex = 0; path = HandshakeTests.xctest; sourceTree = BUILT_PRODUCTS_DIR; };
		7928020019C8B36B0075261D /* Info.plist */ = {isa = PBXFileReference; lastKnownFileType = text.plist.xml; path = Info.plist; sourceTree = "<group>"; };
		7928020119C8B36B0075261D /* HandshakeTests.m */ = {isa = PBXFileReference; lastKnownFileType = sourcecode.c.objc; path = HandshakeTests.m; sourceTree = "<group>"; };
/* End PBXFileReference section */

/* Begin PBXFrameworksBuildPhase section */
		792801DF19C8B36B0075261D /* Frameworks */ = {
			isa = PBXFrameworksBuildPhase;
			buildActionMask = 2147483647;
			files = (
			);
			runOnlyForDeploymentPostprocessing = 0;
		};
		792801F819C8B36B0075261D /* Frameworks */ = {
			isa = PBXFrameworksBuildPhase;
			buildActionMask = 2147483647;
			files = (
			);
			runOnlyForDeploymentPostprocessing = 0;
		};
/* End PBXFrameworksBuildPhase section */

/* Begin PBXGroup section */
		792801D919C8B36B0075261D = {
			isa = PBXGroup;
			children = (
				792801E419C8B36B0075261D /* Handshake */,
				792801FE19C8B36B0075261D /* HandshakeTests */,
				792801E319C8B36B0075261D /* Products */,
			);
			sourceTree = "<group>";
		};
		792801E319C8B36B0075261D /* Products */ = {
			isa = PBXGroup;
			children = (
				792801E219C8B36B0075261D /* Handshake.app */,
				792801FB19C8B36B0075261D /* HandshakeTests.xctest */,
			);
			name = Products;
			sourceTree = "<group>";
		};
		792801E419C8B36B0075261D /* Handshake */ = {
			isa = PBXGroup;
			children = (
				792801E919C8B36B0075261D /* AppDelegate.h */,
				792801EA19C8B36B0075261D /* AppDelegate.m */,
				792801EF19C8B36B0075261D /* ViewController.h */,
				792801F019C8B36B0075261D /* ViewController.m */,
				792801F219C8B36B0075261D /* Main.storyboard */,
				792801F519C8B36B0075261D /* Images.xcassets */,
				792801EC19C8B36B0075261D /* Handshake.xcdatamodeld */,
				792801E519C8B36B0075261D /* Supporting Files */,
			);
			path = Handshake;
			sourceTree = "<group>";
		};
		792801E519C8B36B0075261D /* Supporting Files */ = {
			isa = PBXGroup;
			children = (
				792801E619C8B36B0075261D /* Info.plist */,
				792801E719C8B36B0075261D /* main.m */,
			);
			name = "Supporting Files";
			sourceTree = "<group>";
		};
		792801FE19C8B36B0075261D /* HandshakeTests */ = {
			isa = PBXGroup;
			children = (
				7928020119C8B36B0075261D /* HandshakeTests.m */,
				792801FF19C8B36B0075261D /* Supporting Files */,
			);
			path = HandshakeTests;
			sourceTree = "<group>";
		};
		792801FF19C8B36B0075261D /* Supporting Files */ = {
			isa = PBXGroup;
			children = (
				7928020019C8B36B0075261D /* Info.plist */,
			);
			name = "Supporting Files";
			sourceTree = "<group>";
		};
/* End PBXGroup section */

/* Begin PBXNativeTarget section */
		792801E119C8B36B0075261D /* Handshake */ = {
			isa = PBXNativeTarget;
			buildConfigurationList = 7928020519C8B36B0075261D /* Build configuration list for PBXNativeTarget "Handshake" */;
			buildPhases = (
				792801DE19C8B36B0075261D /* Sources */,
				792801DF19C8B36B0075261D /* Frameworks */,
				792801E019C8B36B0075261D /* Resources */,
			);
			buildRules = (
			);
			dependencies = (
			);
			name = Handshake;
			productName = Handshake;
			productReference = 792801E219C8B36B0075261D /* Handshake.app */;
			productType = "com.apple.product-type.application";
		};
		792801FA19C8B36B0075261D /* HandshakeTests */ = {
			isa = PBXNativeTarget;
			buildConfigurationList = 7928020819C8B36B0075261D /* Build configuration list for PBXNativeTarget "HandshakeTests" */;
			buildPhases = (
				792801F719C8B36B0075261D /* Sources */,
				792801F819C8B36B0075261D /* Frameworks */,
				792801F919C8B36B0075261D /* Resources */,
			);
			buildRules = (
			);
			dependencies = (
				792801FD19C8B36B0075261D /* PBXTargetDependency */,
			);
			name = HandshakeTests;
			productName = HandshakeTests;
			productReference = 792801FB19C8B36B0075261D /* HandshakeTests.xctest */;
			productType = "com.apple.product-type.bundle.unit-test";
		};
/* End PBXNativeTarget section */

/* Begin PBXProject section */
		792801DA19C8B36B0075261D /* Project object */ = {
			isa = PBXProject;
			attributes = {
				LastUpgradeCheck = 0600;
				ORGANIZATIONNAME = Handshake;
				TargetAttributes = {
					792801E119C8B36B0075261D = {
						CreatedOnToolsVersion = 6.0;
					};
					792801FA19C8B36B0075261D = {
						CreatedOnToolsVersion = 6.0;
						TestTargetID = 792801E119C8B36B0075261D;
					};
				};
			};
			buildConfigurationList = 792801DD19C8B36B0075261D /* Build configuration list for PBXProject "Handshake" */;
			compatibilityVersion = "Xcode 3.2";
			developmentRegion = English;
			hasScannedForEncodings = 0;
			knownRegions = (
				en,
				Base,
			);
			mainGroup = 792801D919C8B36B0075261D;
			productRefGroup = 792801E319C8B36B0075261D /* Products */;
			projectDirPath = "";
			projectRoot = "";
			targets = (
				792801E119C8B36B0075261D /* Handshake */,
				792801FA19C8B36B0075261D /* HandshakeTests */,
			);
		};
/* End PBXProject section */

/* Begin PBXResourcesBuildPhase section */
		792801E019C8B36B0075261D /* Resources */ = {
			isa = PBXResourcesBuildPhase;
			buildActionMask = 2147483647;
			files = (
				792801F419C8B36B0075261D /* Main.storyboard in Resources */,
				792801F619C8B36B0075261D /* Images.xcassets in Resources */,
			);
			runOnlyForDeploymentPostprocessing = 0;
		};
		792801F919C8B36B0075261D /* Resources */ = {
			isa = PBXResourcesBuildPhase;
			buildActionMask = 2147483647;
			files = (
			);
			runOnlyForDeploymentPostprocessing = 0;
		};
/* End PBXResourcesBuildPhase section */

/* Begin PBXSourcesBuildPhase section */
		792801DE19C8B36B0075261D /* Sources */ = {
			isa = PBXSourcesBuildPhase;
			buildActionMask = 2147483647;
			files = (
				792801EE19C8B36B0075261D /* Handshake.xcdatamodeld in Sources */,
				792801EB19C8B36B0075261D /* AppDelegate.m in Sources */,
				792801F119C8B36B0075261D /* ViewController.m in Sources */,
				792801E819C8B36B0075261D /* main.m in Sources */,
			);
			runOnlyForDeploymentPostprocessing = 0;
		};
		792801F719C8B36B0075261D /* Sources */ = {
			isa = PBXSourcesBuildPhase;
			buildActionMask = 2147483647;
			files = (
				7928020219C8B36B0075261D /* HandshakeTests.m in Sources */,
			);
			runOnlyForDeploymentPostprocessing = 0;
		};
/* End PBXSourcesBuildPhase section */

/* Begin PBXTargetDependency section */
		792801FD19C8B36B0075261D /* PBXTargetDependency */ = {
			isa = PBXTargetDependency;
			target = 792801E119C8B36B0075261D /* Handshake */;
			targetProxy = 792801FC19C8B36B0075261D /* PBXContainerItemProxy */;
		};
/* End PBXTargetDependency section */

/* Begin PBXVariantGroup section */
		792801F219C8B36B0075261D /* Main.storyboard */ = {
			isa = PBXVariantGroup;
			children = (
				792801F319C8B36B0075261D /* Base */,
			);
			name = Main.storyboard;
			sourceTree = "<group>";
		};
/* End PBXVariantGroup section */

/* Begin XCBuildConfiguration section */
		7928020319C8B36B0075261D /* Debug */ = {
			isa = XCBuildConfiguration;
			buildSettings = {
				ALWAYS_SEARCH_USER_PATHS = NO;
				CLANG_CXX_LANGUAGE_STANDARD = "gnu++0x";
				CLANG_CXX_LIBRARY = "libc++";
				CLANG_ENABLE_MODULES = YES;
				CLANG_ENABLE_OBJC_ARC = YES;
				CLANG_WARN_BOOL_CONVERSION = YES;
				CLANG_WARN_CONSTANT_CONVERSION = YES;
				CLANG_WARN_DIRECT_OBJC_ISA_USAGE = YES_ERROR;
				CLANG_WARN_EMPTY_BODY = YES;
				CLANG_WARN_ENUM_CONVERSION = YES;
				CLANG_WARN_INT_CONVERSION = YES;
				CLANG_WARN_OBJC_ROOT_CLASS = YES_ERROR;
				CLANG_WARN_UNREACHABLE_CODE = YES;
				CLANG_WARN__DUPLICATE_METHOD_MATCH = YES;
				"CODE_SIGN_IDENTITY[sdk=iphoneos*]" = "iPhone Developer";
				COPY_PHASE_STRIP = NO;
				ENABLE_STRICT_OBJC_MSGSEND = YES;
				GCC_C_LANGUAGE_STANDARD = gnu99;
				GCC_DYNAMIC_NO_PIC = NO;
				GCC_OPTIMIZATION_LEVEL = 0;
				GCC_PREPROCESSOR_DEFINITIONS = (
					"DEBUG=1",
					"$(inherited)",
				);
				GCC_SYMBOLS_PRIVATE_EXTERN = NO;
				GCC_WARN_64_TO_32_BIT_CONVERSION = YES;
				GCC_WARN_ABOUT_RETURN_TYPE = YES_ERROR;
				GCC_WARN_UNDECLARED_SELECTOR = YES;
				GCC_WARN_UNINITIALIZED_AUTOS = YES_AGGRESSIVE;
				GCC_WARN_UNUSED_FUNCTION = YES;
				GCC_WARN_UNUSED_VARIABLE = YES;
				IPHONEOS_DEPLOYMENT_TARGET = 8.0;
				MTL_ENABLE_DEBUG_INFO = YES;
				ONLY_ACTIVE_ARCH = YES;
				SDKROOT = iphoneos;
			};
			name = Debug;
		};
		7928020419C8B36B0075261D /* Release */ = {
			isa = XCBuildConfiguration;
			buildSettings = {
				ALWAYS_SEARCH_USER_PATHS = NO;
				CLANG_CXX_LANGUAGE_STANDARD = "gnu++0x";
				CLANG_CXX_LIBRARY = "libc++";
				CLANG_ENABLE_MODULES = YES;
				CLANG_ENABLE_OBJC_ARC = YES;
				CLANG_WARN_BOOL_CONVERSION = YES;
				CLANG_WARN_CONSTANT_CONVERSION = YES;
				CLANG_WARN_DIRECT_OBJC_ISA_USAGE = YES_ERROR;
				CLANG_WARN_EMPTY_BODY = YES;
				CLANG_WARN_ENUM_CONVERSION = YES;
				CLANG_WARN_INT_CONVERSION = YES;
				CLANG_WARN_OBJC_ROOT_CLASS = YES_ERROR;
				CLANG_WARN_UNREACHABLE_CODE = YES;
				CLANG_WARN__DUPLICATE_METHOD_MATCH = YES;
				"CODE_SIGN_IDENTITY[sdk=iphoneos*]" = "iPhone Developer";
				COPY_PHASE_STRIP = YES;
				ENABLE_NS_ASSERTIONS = NO;
				ENABLE_STRICT_OBJC_MSGSEND = YES;
				GCC_C_LANGUAGE_STANDARD = gnu99;
				GCC_WARN_64_TO_32_BIT_CONVERSION = YES;
				GCC_WARN_ABOUT_RETURN_TYPE = YES_ERROR;
				GCC_WARN_UNDECLARED_SELECTOR = YES;
				GCC_WARN_UNINITIALIZED_AUTOS = YES_AGGRESSIVE;
				GCC_WARN_UNUSED_FUNCTION = YES;
				GCC_WARN_UNUSED_VARIABLE = YES;
				IPHONEOS_DEPLOYMENT_TARGET = 8.0;
				MTL_ENABLE_DEBUG_INFO = NO;
				SDKROOT = iphoneos;
				VALIDATE_PRODUCT = YES;
			};
			name = Release;
		};
		7928020619C8B36B0075261D /* Debug */ = {
			isa = XCBuildConfiguration;
			buildSettings = {
				ASSETCATALOG_COMPILER_APPICON_NAME = AppIcon;
				ASSETCATALOG_COMPILER_LAUNCHIMAGE_NAME = LaunchImage;
				INFOPLIST_FILE = Handshake/Info.plist;
				LD_RUNPATH_SEARCH_PATHS = "$(inherited) @executable_path/Frameworks";
				PRODUCT_NAME = "$(TARGET_NAME)";
			};
			name = Debug;
		};
		7928020719C8B36B0075261D /* Release */ = {
			isa = XCBuildConfiguration;
			buildSettings = {
				ASSETCATALOG_COMPILER_APPICON_NAME = AppIcon;
				ASSETCATALOG_COMPILER_LAUNCHIMAGE_NAME = LaunchImage;
				INFOPLIST_FILE = Handshake/Info.plist;
				LD_RUNPATH_SEARCH_PATHS = "$(inherited) @executable_path/Frameworks";
				PRODUCT_NAME = "$(TARGET_NAME)";
			};
			name = Release;
		};
		7928020919C8B36B0075261D /* Debug */ = {
			isa = XCBuildConfiguration;
			buildSettings = {
				BUNDLE_LOADER = "$(TEST_HOST)";
				FRAMEWORK_SEARCH_PATHS = (
					"$(SDKROOT)/Developer/Library/Frameworks",
					"$(inherited)",
				);
				GCC_PREPROCESSOR_DEFINITIONS = (
					"DEBUG=1",
					"$(inherited)",
				);
				INFOPLIST_FILE = HandshakeTests/Info.plist;
				LD_RUNPATH_SEARCH_PATHS = "$(inherited) @executable_path/Frameworks @loader_path/Frameworks";
				PRODUCT_NAME = "$(TARGET_NAME)";
				TEST_HOST = "$(BUILT_PRODUCTS_DIR)/Handshake.app/Handshake";
			};
			name = Debug;
		};
		7928020A19C8B36B0075261D /* Release */ = {
			isa = XCBuildConfiguration;
			buildSettings = {
				BUNDLE_LOADER = "$(TEST_HOST)";
				FRAMEWORK_SEARCH_PATHS = (
					"$(SDKROOT)/Developer/Library/Frameworks",
					"$(inherited)",
				);
				INFOPLIST_FILE = HandshakeTests/Info.plist;
				LD_RUNPATH_SEARCH_PATHS = "$(inherited) @executable_path/Frameworks @loader_path/Frameworks";
				PRODUCT_NAME = "$(TARGET_NAME)";
				TEST_HOST = "$(BUILT_PRODUCTS_DIR)/Handshake.app/Handshake";
			};
			name = Release;
		};
/* End XCBuildConfiguration section */

/* Begin XCConfigurationList section */
		792801DD19C8B36B0075261D /* Build configuration list for PBXProject "Handshake" */ = {
			isa = XCConfigurationList;
			buildConfigurations = (
				7928020319C8B36B0075261D /* Debug */,
				7928020419C8B36B0075261D /* Release */,
			);
			defaultConfigurationIsVisible = 0;
			defaultConfigurationName = Release;
		};
		7928020519C8B36B0075261D /* Build configuration list for PBXNativeTarget "Handshake" */ = {
			isa = XCConfigurationList;
			buildConfigurations = (
				7928020619C8B36B0075261D /* Debug */,
				7928020719C8B36B0075261D /* Release */,
			);
			defaultConfigurationIsVisible = 0;
		};
		7928020819C8B36B0075261D /* Build configuration list for PBXNativeTarget "HandshakeTests" */ = {
			isa = XCConfigurationList;
			buildConfigurations = (
				7928020919C8B36B0075261D /* Debug */,
				7928020A19C8B36B0075261D /* Release */,
			);
			defaultConfigurationIsVisible = 0;
		};
/* End XCConfigurationList section */

/* Begin XCVersionGroup section */
		792801EC19C8B36B0075261D /* Handshake.xcdatamodeld */ = {
			isa = XCVersionGroup;
			children = (
				792801ED19C8B36B0075261D /* Handshake.xcdatamodel */,
			);
			currentVersion = 792801ED19C8B36B0075261D /* Handshake.xcdatamodel */;
			path = Handshake.xcdatamodeld;
			sourceTree = "<group>";
			versionGroupType = wrapper.xcdatamodel;
		};
/* End XCVersionGroup section */
	};
	rootObject = 792801DA19C8B36B0075261D /* Project object */;
}
